// !$*UTF8*$!
{
	archiveVersion = 1;
	classes = {
	};
	objectVersion = 51;
	objects = {

/* Begin PBXBuildFile section */
		08395BCCE30C998510F4814C /* Pods_FirebaseCRUD.framework in Frameworks */ = {isa = PBXBuildFile; fileRef = 858A08CE14CBFE4D3DE62B8F /* Pods_FirebaseCRUD.framework */; };
		B637353225DAC7A10087E20F /* AppDelegate.swift in Sources */ = {isa = PBXBuildFile; fileRef = B637353125DAC7A10087E20F /* AppDelegate.swift */; };
		B637353425DAC7A10087E20F /* SceneDelegate.swift in Sources */ = {isa = PBXBuildFile; fileRef = B637353325DAC7A10087E20F /* SceneDelegate.swift */; };
		B637353925DAC7A10087E20F /* Main.storyboard in Resources */ = {isa = PBXBuildFile; fileRef = B637353725DAC7A10087E20F /* Main.storyboard */; };
		B637353B25DAC7A50087E20F /* Assets.xcassets in Resources */ = {isa = PBXBuildFile; fileRef = B637353A25DAC7A50087E20F /* Assets.xcassets */; };
		B637353E25DAC7A50087E20F /* LaunchScreen.storyboard in Resources */ = {isa = PBXBuildFile; fileRef = B637353C25DAC7A50087E20F /* LaunchScreen.storyboard */; };
		B637356925DD23460087E20F /* LogController.swift in Sources */ = {isa = PBXBuildFile; fileRef = B637356825DD23460087E20F /* LogController.swift */; };
		B637356D25DD25480087E20F /* FireAuth.swift in Sources */ = {isa = PBXBuildFile; fileRef = B637356C25DD25480087E20F /* FireAuth.swift */; };
		B637357125DD65730087E20F /* RootController.swift in Sources */ = {isa = PBXBuildFile; fileRef = B637357025DD65730087E20F /* RootController.swift */; };
		B637357E25DD90200087E20F /* FireDatabase.swift in Sources */ = {isa = PBXBuildFile; fileRef = B637357D25DD90200087E20F /* FireDatabase.swift */; };
		B63735A325DEB2BA0087E20F /* ListController.swift in Sources */ = {isa = PBXBuildFile; fileRef = B63735A225DEB2BA0087E20F /* ListController.swift */; };
		B63735A625DEBA030087E20F /* ProfilController.swift in Sources */ = {isa = PBXBuildFile; fileRef = B63735A525DEBA030087E20F /* ProfilController.swift */; };
		B63735A925E025580087E20F /* User.swift in Sources */ = {isa = PBXBuildFile; fileRef = B63735A825E025580087E20F /* User.swift */; };
		B63735DB25E04F9F0087E20F /* GoogleService-Info.plist in Resources */ = {isa = PBXBuildFile; fileRef = B63735DA25E04F9F0087E20F /* GoogleService-Info.plist */; };
		B63735F925E11DEA0087E20F /* ImageLoader.swift in Sources */ = {isa = PBXBuildFile; fileRef = B63735F825E11DEA0087E20F /* ImageLoader.swift */; };
		B63735FC25E18A940087E20F /* FireStorage.swift in Sources */ = {isa = PBXBuildFile; fileRef = B63735FB25E18A940087E20F /* FireStorage.swift */; };
/* End PBXBuildFile section */

/* Begin PBXFileReference section */
		0869188BD5484D42C59A6878 /* Pods-FirebaseCRUD.debug.xcconfig */ = {isa = PBXFileReference; includeInIndex = 1; lastKnownFileType = text.xcconfig; name = "Pods-FirebaseCRUD.debug.xcconfig"; path = "Target Support Files/Pods-FirebaseCRUD/Pods-FirebaseCRUD.debug.xcconfig"; sourceTree = "<group>"; };
		0B921D7E2187B3282234575A /* Pods-FirebaseCRUD.release.xcconfig */ = {isa = PBXFileReference; includeInIndex = 1; lastKnownFileType = text.xcconfig; name = "Pods-FirebaseCRUD.release.xcconfig"; path = "Target Support Files/Pods-FirebaseCRUD/Pods-FirebaseCRUD.release.xcconfig"; sourceTree = "<group>"; };
		858A08CE14CBFE4D3DE62B8F /* Pods_FirebaseCRUD.framework */ = {isa = PBXFileReference; explicitFileType = wrapper.framework; includeInIndex = 0; path = Pods_FirebaseCRUD.framework; sourceTree = BUILT_PRODUCTS_DIR; };
		B637352E25DAC7A10087E20F /* FirebaseCRUD.app */ = {isa = PBXFileReference; explicitFileType = wrapper.application; includeInIndex = 0; path = FirebaseCRUD.app; sourceTree = BUILT_PRODUCTS_DIR; };
		B637353125DAC7A10087E20F /* AppDelegate.swift */ = {isa = PBXFileReference; lastKnownFileType = sourcecode.swift; path = AppDelegate.swift; sourceTree = "<group>"; };
		B637353325DAC7A10087E20F /* SceneDelegate.swift */ = {isa = PBXFileReference; lastKnownFileType = sourcecode.swift; path = SceneDelegate.swift; sourceTree = "<group>"; };
		B637353825DAC7A10087E20F /* Base */ = {isa = PBXFileReference; lastKnownFileType = file.storyboard; name = Base; path = Base.lproj/Main.storyboard; sourceTree = "<group>"; };
		B637353A25DAC7A50087E20F /* Assets.xcassets */ = {isa = PBXFileReference; lastKnownFileType = folder.assetcatalog; path = Assets.xcassets; sourceTree = "<group>"; };
		B637353D25DAC7A50087E20F /* Base */ = {isa = PBXFileReference; lastKnownFileType = file.storyboard; name = Base; path = Base.lproj/LaunchScreen.storyboard; sourceTree = "<group>"; };
		B637353F25DAC7A50087E20F /* Info.plist */ = {isa = PBXFileReference; lastKnownFileType = text.plist.xml; path = Info.plist; sourceTree = "<group>"; };
		B637356825DD23460087E20F /* LogController.swift */ = {isa = PBXFileReference; lastKnownFileType = sourcecode.swift; path = LogController.swift; sourceTree = "<group>"; };
		B637356C25DD25480087E20F /* FireAuth.swift */ = {isa = PBXFileReference; lastKnownFileType = sourcecode.swift; path = FireAuth.swift; sourceTree = "<group>"; };
		B637357025DD65730087E20F /* RootController.swift */ = {isa = PBXFileReference; lastKnownFileType = sourcecode.swift; path = RootController.swift; sourceTree = "<group>"; };
		B637357D25DD90200087E20F /* FireDatabase.swift */ = {isa = PBXFileReference; lastKnownFileType = sourcecode.swift; path = FireDatabase.swift; sourceTree = "<group>"; };
		B63735A225DEB2BA0087E20F /* ListController.swift */ = {isa = PBXFileReference; lastKnownFileType = sourcecode.swift; path = ListController.swift; sourceTree = "<group>"; };
		B63735A525DEBA030087E20F /* ProfilController.swift */ = {isa = PBXFileReference; lastKnownFileType = sourcecode.swift; path = ProfilController.swift; sourceTree = "<group>"; };
		B63735A825E025580087E20F /* User.swift */ = {isa = PBXFileReference; lastKnownFileType = sourcecode.swift; path = User.swift; sourceTree = "<group>"; };
		B63735DA25E04F9F0087E20F /* GoogleService-Info.plist */ = {isa = PBXFileReference; fileEncoding = 4; lastKnownFileType = text.plist.xml; path = "GoogleService-Info.plist"; sourceTree = "<group>"; };
		B63735F825E11DEA0087E20F /* ImageLoader.swift */ = {isa = PBXFileReference; lastKnownFileType = sourcecode.swift; path = ImageLoader.swift; sourceTree = "<group>"; };
		B63735FB25E18A940087E20F /* FireStorage.swift */ = {isa = PBXFileReference; lastKnownFileType = sourcecode.swift; path = FireStorage.swift; sourceTree = "<group>"; };
/* End PBXFileReference section */

/* Begin PBXFrameworksBuildPhase section */
		B637352B25DAC7A10087E20F /* Frameworks */ = {
			isa = PBXFrameworksBuildPhase;
			buildActionMask = 2147483647;
			files = (
				08395BCCE30C998510F4814C /* Pods_FirebaseCRUD.framework in Frameworks */,
			);
			runOnlyForDeploymentPostprocessing = 0;
		};
/* End PBXFrameworksBuildPhase section */

/* Begin PBXGroup section */
		B15A31FC9BC2B797401DFF4D /* Frameworks */ = {
			isa = PBXGroup;
			children = (
				858A08CE14CBFE4D3DE62B8F /* Pods_FirebaseCRUD.framework */,
			);
			name = Frameworks;
			sourceTree = "<group>";
		};
		B637352525DAC7A10087E20F = {
			isa = PBXGroup;
			children = (
				B637353025DAC7A10087E20F /* FirebaseCRUD */,
				B637352F25DAC7A10087E20F /* Products */,
				E804DFDA3BE0CD0D83DA756F /* Pods */,
				B15A31FC9BC2B797401DFF4D /* Frameworks */,
			);
			sourceTree = "<group>";
		};
		B637352F25DAC7A10087E20F /* Products */ = {
			isa = PBXGroup;
			children = (
				B637352E25DAC7A10087E20F /* FirebaseCRUD.app */,
			);
			name = Products;
			sourceTree = "<group>";
		};
		B637353025DAC7A10087E20F /* FirebaseCRUD */ = {
			isa = PBXGroup;
			children = (
				B637356B25DD25170087E20F /* FIREBASEutils */,
				B637356725DD22E60087E20F /* MODELS */,
				B637356625DD22D80087E20F /* VIEWS */,
				B637356525DD22C70087E20F /* CONTROLLERS */,
				B637353125DAC7A10087E20F /* AppDelegate.swift */,
				B637353325DAC7A10087E20F /* SceneDelegate.swift */,
				B637353725DAC7A10087E20F /* Main.storyboard */,
				B637353A25DAC7A50087E20F /* Assets.xcassets */,
				B637353C25DAC7A50087E20F /* LaunchScreen.storyboard */,
				B637353F25DAC7A50087E20F /* Info.plist */,
				B63735DA25E04F9F0087E20F /* GoogleService-Info.plist */,
			);
			path = FirebaseCRUD;
			sourceTree = "<group>";
		};
		B637356525DD22C70087E20F /* CONTROLLERS */ = {
			isa = PBXGroup;
			children = (
				B637357025DD65730087E20F /* RootController.swift */,
				B637356825DD23460087E20F /* LogController.swift */,
				B63735A225DEB2BA0087E20F /* ListController.swift */,
				B63735A525DEBA030087E20F /* ProfilController.swift */,
			);
			path = CONTROLLERS;
			sourceTree = "<group>";
		};
		B637356625DD22D80087E20F /* VIEWS */ = {
			isa = PBXGroup;
			children = (
			);
			path = VIEWS;
			sourceTree = "<group>";
		};
		B637356725DD22E60087E20F /* MODELS */ = {
			isa = PBXGroup;
			children = (
				B63735A825E025580087E20F /* User.swift */,
			);
			path = MODELS;
			sourceTree = "<group>";
		};
		B637356B25DD25170087E20F /* FIREBASEutils */ = {
			isa = PBXGroup;
			children = (
				B637356C25DD25480087E20F /* FireAuth.swift */,
				B637357D25DD90200087E20F /* FireDatabase.swift */,
				B63735F825E11DEA0087E20F /* ImageLoader.swift */,
				B63735FB25E18A940087E20F /* FireStorage.swift */,
			);
			path = FIREBASEutils;
			sourceTree = "<group>";
		};
		E804DFDA3BE0CD0D83DA756F /* Pods */ = {
			isa = PBXGroup;
			children = (
				0869188BD5484D42C59A6878 /* Pods-FirebaseCRUD.debug.xcconfig */,
				0B921D7E2187B3282234575A /* Pods-FirebaseCRUD.release.xcconfig */,
			);
			path = Pods;
			sourceTree = "<group>";
		};
/* End PBXGroup section */

/* Begin PBXNativeTarget section */
		B637352D25DAC7A10087E20F /* FirebaseCRUD */ = {
			isa = PBXNativeTarget;
			buildConfigurationList = B637354225DAC7A50087E20F /* Build configuration list for PBXNativeTarget "FirebaseCRUD" */;
			buildPhases = (
				F92E2567C2F13DBCBB63DFC0 /* [CP] Check Pods Manifest.lock */,
				B637352A25DAC7A10087E20F /* Sources */,
				B637352B25DAC7A10087E20F /* Frameworks */,
				B637352C25DAC7A10087E20F /* Resources */,
				A9ABC42EA2488834471FCB06 /* [CP] Embed Pods Frameworks */,
			);
			buildRules = (
			);
			dependencies = (
			);
			name = FirebaseCRUD;
			productName = FirebaseCRUD;
			productReference = B637352E25DAC7A10087E20F /* FirebaseCRUD.app */;
			productType = "com.apple.product-type.application";
		};
/* End PBXNativeTarget section */

/* Begin PBXProject section */
		B637352625DAC7A10087E20F /* Project object */ = {
			isa = PBXProject;
			attributes = {
				LastSwiftUpdateCheck = 1240;
				LastUpgradeCheck = 1240;
				TargetAttributes = {
					B637352D25DAC7A10087E20F = {
						CreatedOnToolsVersion = 12.4;
					};
				};
			};
			buildConfigurationList = B637352925DAC7A10087E20F /* Build configuration list for PBXProject "FirebaseCRUD" */;
			compatibilityVersion = "Xcode 9.3";
			developmentRegion = en;
			hasScannedForEncodings = 0;
			knownRegions = (
				en,
				Base,
			);
			mainGroup = B637352525DAC7A10087E20F;
			productRefGroup = B637352F25DAC7A10087E20F /* Products */;
			projectDirPath = "";
			projectRoot = "";
			targets = (
				B637352D25DAC7A10087E20F /* FirebaseCRUD */,
			);
		};
/* End PBXProject section */

/* Begin PBXResourcesBuildPhase section */
		B637352C25DAC7A10087E20F /* Resources */ = {
			isa = PBXResourcesBuildPhase;
			buildActionMask = 2147483647;
			files = (
				B637353E25DAC7A50087E20F /* LaunchScreen.storyboard in Resources */,
				B63735DB25E04F9F0087E20F /* GoogleService-Info.plist in Resources */,
				B637353B25DAC7A50087E20F /* Assets.xcassets in Resources */,
				B637353925DAC7A10087E20F /* Main.storyboard in Resources */,
			);
			runOnlyForDeploymentPostprocessing = 0;
		};
/* End PBXResourcesBuildPhase section */

/* Begin PBXShellScriptBuildPhase section */
		A9ABC42EA2488834471FCB06 /* [CP] Embed Pods Frameworks */ = {
			isa = PBXShellScriptBuildPhase;
			buildActionMask = 2147483647;
			files = (
			);
			inputFileListPaths = (
				"${PODS_ROOT}/Target Support Files/Pods-FirebaseCRUD/Pods-FirebaseCRUD-frameworks-${CONFIGURATION}-input-files.xcfilelist",
			);
			name = "[CP] Embed Pods Frameworks";
			outputFileListPaths = (
				"${PODS_ROOT}/Target Support Files/Pods-FirebaseCRUD/Pods-FirebaseCRUD-frameworks-${CONFIGURATION}-output-files.xcfilelist",
			);
			runOnlyForDeploymentPostprocessing = 0;
			shellPath = /bin/sh;
			shellScript = "\"${PODS_ROOT}/Target Support Files/Pods-FirebaseCRUD/Pods-FirebaseCRUD-frameworks.sh\"\n";
			showEnvVarsInLog = 0;
		};
		F92E2567C2F13DBCBB63DFC0 /* [CP] Check Pods Manifest.lock */ = {
			isa = PBXShellScriptBuildPhase;
			buildActionMask = 2147483647;
			files = (
			);
			inputFileListPaths = (
			);
			inputPaths = (
				"${PODS_PODFILE_DIR_PATH}/Podfile.lock",
				"${PODS_ROOT}/Manifest.lock",
			);
			name = "[CP] Check Pods Manifest.lock";
			outputFileListPaths = (
			);
			outputPaths = (
				"$(DERIVED_FILE_DIR)/Pods-FirebaseCRUD-checkManifestLockResult.txt",
			);
			runOnlyForDeploymentPostprocessing = 0;
			shellPath = /bin/sh;
			shellScript = "diff \"${PODS_PODFILE_DIR_PATH}/Podfile.lock\" \"${PODS_ROOT}/Manifest.lock\" > /dev/null\nif [ $? != 0 ] ; then\n    # print error to STDERR\n    echo \"error: The sandbox is not in sync with the Podfile.lock. Run 'pod install' or update your CocoaPods installation.\" >&2\n    exit 1\nfi\n# This output is used by Xcode 'outputs' to avoid re-running this script phase.\necho \"SUCCESS\" > \"${SCRIPT_OUTPUT_FILE_0}\"\n";
			showEnvVarsInLog = 0;
		};
/* End PBXShellScriptBuildPhase section */

/* Begin PBXSourcesBuildPhase section */
		B637352A25DAC7A10087E20F /* Sources */ = {
			isa = PBXSourcesBuildPhase;
			buildActionMask = 2147483647;
			files = (
				B637357125DD65730087E20F /* RootController.swift in Sources */,
				B63735A625DEBA030087E20F /* ProfilController.swift in Sources */,
				B63735F925E11DEA0087E20F /* ImageLoader.swift in Sources */,
				B637356925DD23460087E20F /* LogController.swift in Sources */,
				B637357E25DD90200087E20F /* FireDatabase.swift in Sources */,
				B637356D25DD25480087E20F /* FireAuth.swift in Sources */,
				B63735A925E025580087E20F /* User.swift in Sources */,
				B637353225DAC7A10087E20F /* AppDelegate.swift in Sources */,
				B637353425DAC7A10087E20F /* SceneDelegate.swift in Sources */,
				B63735A325DEB2BA0087E20F /* ListController.swift in Sources */,
				B63735FC25E18A940087E20F /* FireStorage.swift in Sources */,
			);
			runOnlyForDeploymentPostprocessing = 0;
		};
/* End PBXSourcesBuildPhase section */

/* Begin PBXVariantGroup section */
		B637353725DAC7A10087E20F /* Main.storyboard */ = {
			isa = PBXVariantGroup;
			children = (
				B637353825DAC7A10087E20F /* Base */,
			);
			name = Main.storyboard;
			sourceTree = "<group>";
		};
		B637353C25DAC7A50087E20F /* LaunchScreen.storyboard */ = {
			isa = PBXVariantGroup;
			children = (
				B637353D25DAC7A50087E20F /* Base */,
			);
			name = LaunchScreen.storyboard;
			sourceTree = "<group>";
		};
/* End PBXVariantGroup section */

/* Begin XCBuildConfiguration section */
		B637354025DAC7A50087E20F /* Debug */ = {
			isa = XCBuildConfiguration;
			buildSettings = {
				ALWAYS_SEARCH_USER_PATHS = NO;
				CLANG_ANALYZER_NONNULL = YES;
				CLANG_ANALYZER_NUMBER_OBJECT_CONVERSION = YES_AGGRESSIVE;
				CLANG_CXX_LANGUAGE_STANDARD = "gnu++14";
				CLANG_CXX_LIBRARY = "libc++";
				CLANG_ENABLE_MODULES = YES;
				CLANG_ENABLE_OBJC_ARC = YES;
				CLANG_ENABLE_OBJC_WEAK = YES;
				CLANG_WARN_BLOCK_CAPTURE_AUTORELEASING = YES;
				CLANG_WARN_BOOL_CONVERSION = YES;
				CLANG_WARN_COMMA = YES;
				CLANG_WARN_CONSTANT_CONVERSION = YES;
				CLANG_WARN_DEPRECATED_OBJC_IMPLEMENTATIONS = YES;
				CLANG_WARN_DIRECT_OBJC_ISA_USAGE = YES_ERROR;
				CLANG_WARN_DOCUMENTATION_COMMENTS = YES;
				CLANG_WARN_EMPTY_BODY = YES;
				CLANG_WARN_ENUM_CONVERSION = YES;
				CLANG_WARN_INFINITE_RECURSION = YES;
				CLANG_WARN_INT_CONVERSION = YES;
				CLANG_WARN_NON_LITERAL_NULL_CONVERSION = YES;
				CLANG_WARN_OBJC_IMPLICIT_RETAIN_SELF = YES;
				CLANG_WARN_OBJC_LITERAL_CONVERSION = YES;
				CLANG_WARN_OBJC_ROOT_CLASS = YES_ERROR;
				CLANG_WARN_QUOTED_INCLUDE_IN_FRAMEWORK_HEADER = YES;
				CLANG_WARN_RANGE_LOOP_ANALYSIS = YES;
				CLANG_WARN_STRICT_PROTOTYPES = YES;
				CLANG_WARN_SUSPICIOUS_MOVE = YES;
				CLANG_WARN_UNGUARDED_AVAILABILITY = YES_AGGRESSIVE;
				CLANG_WARN_UNREACHABLE_CODE = YES;
				CLANG_WARN__DUPLICATE_METHOD_MATCH = YES;
				COPY_PHASE_STRIP = NO;
				DEBUG_INFORMATION_FORMAT = dwarf;
				ENABLE_STRICT_OBJC_MSGSEND = YES;
				ENABLE_TESTABILITY = YES;
				GCC_C_LANGUAGE_STANDARD = gnu11;
				GCC_DYNAMIC_NO_PIC = NO;
				GCC_NO_COMMON_BLOCKS = YES;
				GCC_OPTIMIZATION_LEVEL = 0;
				GCC_PREPROCESSOR_DEFINITIONS = (
					"DEBUG=1",
					"$(inherited)",
				);
				GCC_WARN_64_TO_32_BIT_CONVERSION = YES;
				GCC_WARN_ABOUT_RETURN_TYPE = YES_ERROR;
				GCC_WARN_UNDECLARED_SELECTOR = YES;
				GCC_WARN_UNINITIALIZED_AUTOS = YES_AGGRESSIVE;
				GCC_WARN_UNUSED_FUNCTION = YES;
				GCC_WARN_UNUSED_VARIABLE = YES;
				IPHONEOS_DEPLOYMENT_TARGET = 14.4;
				MTL_ENABLE_DEBUG_INFO = INCLUDE_SOURCE;
				MTL_FAST_MATH = YES;
				ONLY_ACTIVE_ARCH = YES;
				SDKROOT = iphoneos;
				SWIFT_ACTIVE_COMPILATION_CONDITIONS = DEBUG;
				SWIFT_OPTIMIZATION_LEVEL = "-Onone";
			};
			name = Debug;
		};
		B637354125DAC7A50087E20F /* Release */ = {
			isa = XCBuildConfiguration;
			buildSettings = {
				ALWAYS_SEARCH_USER_PATHS = NO;
				CLANG_ANALYZER_NONNULL = YES;
				CLANG_ANALYZER_NUMBER_OBJECT_CONVERSION = YES_AGGRESSIVE;
				CLANG_CXX_LANGUAGE_STANDARD = "gnu++14";
				CLANG_CXX_LIBRARY = "libc++";
				CLANG_ENABLE_MODULES = YES;
				CLANG_ENABLE_OBJC_ARC = YES;
				CLANG_ENABLE_OBJC_WEAK = YES;
				CLANG_WARN_BLOCK_CAPTURE_AUTORELEASING = YES;
				CLANG_WARN_BOOL_CONVERSION = YES;
				CLANG_WARN_COMMA = YES;
				CLANG_WARN_CONSTANT_CONVERSION = YES;
				CLANG_WARN_DEPRECATED_OBJC_IMPLEMENTATIONS = YES;
				CLANG_WARN_DIRECT_OBJC_ISA_USAGE = YES_ERROR;
				CLANG_WARN_DOCUMENTATION_COMMENTS = YES;
				CLANG_WARN_EMPTY_BODY = YES;
				CLANG_WARN_ENUM_CONVERSION = YES;
				CLANG_WARN_INFINITE_RECURSION = YES;
				CLANG_WARN_INT_CONVERSION = YES;
				CLANG_WARN_NON_LITERAL_NULL_CONVERSION = YES;
				CLANG_WARN_OBJC_IMPLICIT_RETAIN_SELF = YES;
				CLANG_WARN_OBJC_LITERAL_CONVERSION = YES;
				CLANG_WARN_OBJC_ROOT_CLASS = YES_ERROR;
				CLANG_WARN_QUOTED_INCLUDE_IN_FRAMEWORK_HEADER = YES;
				CLANG_WARN_RANGE_LOOP_ANALYSIS = YES;
				CLANG_WARN_STRICT_PROTOTYPES = YES;
				CLANG_WARN_SUSPICIOUS_MOVE = YES;
				CLANG_WARN_UNGUARDED_AVAILABILITY = YES_AGGRESSIVE;
				CLANG_WARN_UNREACHABLE_CODE = YES;
				CLANG_WARN__DUPLICATE_METHOD_MATCH = YES;
				COPY_PHASE_STRIP = NO;
				DEBUG_INFORMATION_FORMAT = "dwarf-with-dsym";
				ENABLE_NS_ASSERTIONS = NO;
				ENABLE_STRICT_OBJC_MSGSEND = YES;
				GCC_C_LANGUAGE_STANDARD = gnu11;
				GCC_NO_COMMON_BLOCKS = YES;
				GCC_WARN_64_TO_32_BIT_CONVERSION = YES;
				GCC_WARN_ABOUT_RETURN_TYPE = YES_ERROR;
				GCC_WARN_UNDECLARED_SELECTOR = YES;
				GCC_WARN_UNINITIALIZED_AUTOS = YES_AGGRESSIVE;
				GCC_WARN_UNUSED_FUNCTION = YES;
				GCC_WARN_UNUSED_VARIABLE = YES;
				IPHONEOS_DEPLOYMENT_TARGET = 14.4;
				MTL_ENABLE_DEBUG_INFO = NO;
				MTL_FAST_MATH = YES;
				SDKROOT = iphoneos;
				SWIFT_COMPILATION_MODE = wholemodule;
				SWIFT_OPTIMIZATION_LEVEL = "-O";
				VALIDATE_PRODUCT = YES;
			};
			name = Release;
		};
		B637354325DAC7A50087E20F /* Debug */ = {
			isa = XCBuildConfiguration;
			baseConfigurationReference = 0869188BD5484D42C59A6878 /* Pods-FirebaseCRUD.debug.xcconfig */;
			buildSettings = {
				ASSETCATALOG_COMPILER_APPICON_NAME = AppIcon;
				ASSETCATALOG_COMPILER_GLOBAL_ACCENT_COLOR_NAME = AccentColor;
				CODE_SIGN_STYLE = Automatic;
				DEVELOPMENT_TEAM = 8ZU2A8P99A;
				INFOPLIST_FILE = FirebaseCRUD/Info.plist;
				IPHONEOS_DEPLOYMENT_TARGET = 13.0;
				LD_RUNPATH_SEARCH_PATHS = (
					"$(inherited)",
					"@executable_path/Frameworks",
				);
				PRODUCT_BUNDLE_IDENTIFIER = com.fred.FirebaseCRUD;
				PRODUCT_NAME = "$(TARGET_NAME)";
				SWIFT_VERSION = 5.0;
				TARGETED_DEVICE_FAMILY = "1,2";
			};
			name = Debug;
		};
		B637354425DAC7A50087E20F /* Release */ = {
			isa = XCBuildConfiguration;
			baseConfigurationReference = 0B921D7E2187B3282234575A /* Pods-FirebaseCRUD.release.xcconfig */;
			buildSettings = {
				ASSETCATALOG_COMPILER_APPICON_NAME = AppIcon;
				ASSETCATALOG_COMPILER_GLOBAL_ACCENT_COLOR_NAME = AccentColor;
				CODE_SIGN_STYLE = Automatic;
				DEVELOPMENT_TEAM = 8ZU2A8P99A;
				INFOPLIST_FILE = FirebaseCRUD/Info.plist;
				IPHONEOS_DEPLOYMENT_TARGET = 13.0;
				LD_RUNPATH_SEARCH_PATHS = (
					"$(inherited)",
					"@executable_path/Frameworks",
				);
				PRODUCT_BUNDLE_IDENTIFIER = com.fred.FirebaseCRUD;
				PRODUCT_NAME = "$(TARGET_NAME)";
				SWIFT_VERSION = 5.0;
				TARGETED_DEVICE_FAMILY = "1,2";
			};
			name = Release;
		};
/* End XCBuildConfiguration section */

/* Begin XCConfigurationList section */
		B637352925DAC7A10087E20F /* Build configuration list for PBXProject "FirebaseCRUD" */ = {
			isa = XCConfigurationList;
			buildConfigurations = (
				B637354025DAC7A50087E20F /* Debug */,
				B637354125DAC7A50087E20F /* Release */,
			);
			defaultConfigurationIsVisible = 0;
			defaultConfigurationName = Release;
		};
		B637354225DAC7A50087E20F /* Build configuration list for PBXNativeTarget "FirebaseCRUD" */ = {
			isa = XCConfigurationList;
			buildConfigurations = (
				B637354325DAC7A50087E20F /* Debug */,
				B637354425DAC7A50087E20F /* Release */,
			);
			defaultConfigurationIsVisible = 0;
			defaultConfigurationName = Release;
		};
/* End XCConfigurationList section */
	};
	rootObject = B637352625DAC7A10087E20F /* Project object */;
}
